
Microsoft Visual Studio Solution File, Format Version 12.00
# Visual Studio Version 16
VisualStudioVersion = 16.0.31112.23
MinimumVisualStudioVersion = 10.0.40219.1
Project("{FAE04EC0-301F-11D3-BF4B-00C04F79EFBC}") = "LAB6", "LAB6\LAB6.csproj", "{A1103EE1-8736-42DC-8D51-20BF62D94423}"
EndProject
Global
	GlobalSection(SolutionConfigurationPlatforms) = preSolution
		Debug|Any CPU = Debug|Any CPU
		Release|Any CPU = Release|Any CPU
	EndGlobalSection
	GlobalSection(ProjectConfigurationPlatforms) = postSolution
		{A1103EE1-8736-42DC-8D51-20BF62D94423}.Debug|Any CPU.ActiveCfg = Debug|Any CPU
		{A1103EE1-8736-42DC-8D51-20BF62D94423}.Debug|Any CPU.Build.0 = Debug|Any CPU
		{A1103EE1-8736-42DC-8D51-20BF62D94423}.Release|Any CPU.ActiveCfg = Release|Any CPU
		{A1103EE1-8736-42DC-8D51-20BF62D94423}.Release|Any CPU.Build.0 = Release|Any CPU
	EndGlobalSection
	GlobalSection(SolutionProperties) = preSolution
		HideSolutionNode = FALSE
	EndGlobalSection
	GlobalSection(ExtensibilityGlobals) = postSolution
		SolutionGuid = {7133DAD1-CF0B-4CB9-A465-C8D916BA8E36}
	EndGlobalSection
EndGlobal
